{
  "name": "mcp-debugger",
  "version": "0.0.1",
  "lockfileVersion": 3,
  "requires": true,
  "packages": {
    "": {
      "name": "mcp-debugger",
      "version": "0.0.1",
      "dependencies": {
        "ws": "^8.16.0",
        "zod": "^3.22.4"
      },
      "devDependencies": {
        "@types/node": "^18.x",
        "@types/vscode": "^1.74.0",
        "@types/ws": "^8.5.10",
        "typescript": "^5.3.0"
      },
      "engines": {
        "vscode": "^1.74.0"
      }
    },
    "node_modules/@types/node": {
      "version": "18.19.115",
      "resolved": "https://registry.npmjs.org/@types/node/-/node-18.19.115.tgz",
      "integrity": "sha512-kNrFiTgG4a9JAn1LMQeLOv3MvXIPokzXziohMrMsvpYgLpdEt/mMiVYc4sGKtDfyxM5gIDF4VgrPRyCw4fHOYg==",
      "dev": true,
      "license": "MIT",
      "dependencies": {
        "undici-types": "~5.26.4"
      }
    },
    "node_modules/@types/vscode": {
      "version": "1.101.0",
      "resolved": "https://registry.npmjs.org/@types/vscode/-/vscode-1.101.0.tgz",
      "integrity": "sha512-ZWf0IWa+NGegdW3iU42AcDTFHWW7fApLdkdnBqwYEtHVIBGbTu0ZNQKP/kX3Ds/uMJXIMQNAojHR4vexCEEz5Q==",
      "dev": true,
      "license": "MIT"
    },
    "node_modules/@types/ws": {
      "version": "8.18.1",
      "resolved": "https://registry.npmjs.org/@types/ws/-/ws-8.18.1.tgz",
      "integrity": "sha512-ThVF6DCVhA8kUGy+aazFQ4kXQ7E1Ty7A3ypFOe0IcJV8O/M511G99AW24irKrW56Wt44yG9+ij8FaqoBGkuBXg==",
      "dev": true,
      "license": "MIT",
      "dependencies": {
        "@types/node": "*"
      }
    },
    "node_modules/typescript": {
      "version": "5.8.3",
      "resolved": "https://registry.npmjs.org/typescript/-/typescript-5.8.3.tgz",
      "integrity": "sha512-p1diW6TqL9L07nNxvRMM7hMMw4c5XOo/1ibL4aAIGmSAt9slTE1Xgw5KWuof2uTOvCg9BY7ZRi+GaF+7sfgPeQ==",
      "dev": true,
      "license": "Apache-2.0",
      "bin": {
        "tsc": "bin/tsc",
        "tsserver": "bin/tsserver"
      },
      "engines": {
        "node": ">=14.17"
      }
    },
    "node_modules/undici-types": {
      "version": "5.26.5",
      "resolved": "https://registry.npmjs.org/undici-types/-/undici-types-5.26.5.tgz",
      "integrity": "sha512-JlCMO+ehdEIKqlFxk6IfVoAUVmgz7cU7zD/h9XZ0qzeosSHmUJVOzSQvvYSYWXkFXC+IfLKSIffhv0sVZup6pA==",
      "dev": true,
      "license": "MIT"
    },
    "node_modules/ws": {
      "version": "8.18.3",
      "resolved": "https://registry.npmjs.org/ws/-/ws-8.18.3.tgz",
      "integrity": "sha512-PEIGCY5tSlUt50cqyMXfCzX+oOPqN0vuGqWzbcJ2xvnkzkq46oOpz7dQaTDBdfICb4N14+GARUDw2XV2N4tvzg==",
      "license": "MIT",
      "engines": {
        "node": ">=10.0.0"
      },
      "peerDependencies": {
        "bufferutil": "^4.0.1",
        "utf-8-validate": ">=5.0.2"
      },
      "peerDependenciesMeta": {
        "bufferutil": {
          "optional": true
        },
        "utf-8-validate": {
          "optional": true
        }
      }
    },
    "node_modules/zod": {
      "version": "3.25.74",
      "resolved": "https://registry.npmjs.org/zod/-/zod-3.25.74.tgz",
      "integrity": "sha512-J8poo92VuhKjNknViHRAIuuN6li/EwFbAC8OedzI8uxpEPGiXHGQu9wemIAioIpqgfB4SySaJhdk0mH5Y4ICBg==",
      "license": "MIT",
      "funding": {
        "url": "https://github.com/sponsors/colinhacks"
      }
    }
  }
}
